
Microsoft Visual Studio Solution File, Format Version 12.00
Project("{FAE04EC0-301F-11D3-BF4B-00C04F79EFBC}") = "SignalFx.LambdaWrapper", "SignalFx.LambdaWrapper\SignalFx.LambdaWrapper.csproj", "{67F1ED29-978E-4F7F-BBCC-B0C1DEE86EC5}"
EndProject
Global
	GlobalSection(SolutionConfigurationPlatforms) = preSolution
		Debug|Any CPU = Debug|Any CPU
		Release|Any CPU = Release|Any CPU
	EndGlobalSection
	GlobalSection(ProjectConfigurationPlatforms) = postSolution
		{67F1ED29-978E-4F7F-BBCC-B0C1DEE86EC5}.Debug|Any CPU.ActiveCfg = Debug|Any CPU
		{67F1ED29-978E-4F7F-BBCC-B0C1DEE86EC5}.Debug|Any CPU.Build.0 = Debug|Any CPU
		{67F1ED29-978E-4F7F-BBCC-B0C1DEE86EC5}.Release|Any CPU.ActiveCfg = Release|Any CPU
		{67F1ED29-978E-4F7F-BBCC-B0C1DEE86EC5}.Release|Any CPU.Build.0 = Release|Any CPU
	EndGlobalSection
EndGlobal
